// !$*UTF8*$!
{
	archiveVersion = 1;
	classes = {
	};
	objectVersion = 46;
	objects = {

/* Begin PBXBuildFile section */
		336A275F1FB4188700419E0E /* LoginViewController.swift in Sources */ = {isa = PBXBuildFile; fileRef = 336A275E1FB4188700419E0E /* LoginViewController.swift */; };
		336A277B1FB65FD900419E0E /* ToDoTableViewCell.swift in Sources */ = {isa = PBXBuildFile; fileRef = 336A277A1FB65FD900419E0E /* ToDoTableViewCell.swift */; };
		336A277D1FB661EE00419E0E /* ChoreViewController.swift in Sources */ = {isa = PBXBuildFile; fileRef = 336A277C1FB661EE00419E0E /* ChoreViewController.swift */; };
		336A277F1FB6701B00419E0E /* Chore.swift in Sources */ = {isa = PBXBuildFile; fileRef = 336A277E1FB6701B00419E0E /* Chore.swift */; };
		339F545C1FAE8CB000346119 /* AppDelegate.swift in Sources */ = {isa = PBXBuildFile; fileRef = 339F545B1FAE8CB000346119 /* AppDelegate.swift */; };
		339F545E1FAE8CB000346119 /* ToDoViewController.swift in Sources */ = {isa = PBXBuildFile; fileRef = 339F545D1FAE8CB000346119 /* ToDoViewController.swift */; };
		339F54601FAE8CB000346119 /* GroupViewController.swift in Sources */ = {isa = PBXBuildFile; fileRef = 339F545F1FAE8CB000346119 /* GroupViewController.swift */; };
		339F54631FAE8CB000346119 /* Main.storyboard in Resources */ = {isa = PBXBuildFile; fileRef = 339F54611FAE8CB000346119 /* Main.storyboard */; };
		339F54651FAE8CB000346119 /* Assets.xcassets in Resources */ = {isa = PBXBuildFile; fileRef = 339F54641FAE8CB000346119 /* Assets.xcassets */; };
		339F54681FAE8CB000346119 /* LaunchScreen.storyboard in Resources */ = {isa = PBXBuildFile; fileRef = 339F54661FAE8CB000346119 /* LaunchScreen.storyboard */; };
		339F54731FAE8CB100346119 /* ChOrganizeAppTests.swift in Sources */ = {isa = PBXBuildFile; fileRef = 339F54721FAE8CB100346119 /* ChOrganizeAppTests.swift */; };
		339F547E1FAE8CB100346119 /* ChOrganizeAppUITests.swift in Sources */ = {isa = PBXBuildFile; fileRef = 339F547D1FAE8CB100346119 /* ChOrganizeAppUITests.swift */; };
		33CB1A521FB78EA3006F941D /* chorgilogo.png in Resources */ = {isa = PBXBuildFile; fileRef = 33CB1A511FB78EA3006F941D /* chorgilogo.png */; };
		33CB1A541FB78EDB006F941D /* chorgibroom.png in Resources */ = {isa = PBXBuildFile; fileRef = 33CB1A531FB78EDB006F941D /* chorgibroom.png */; };
		FF2E4DC01FB7C46500D3C35D /* Group.swift in Sources */ = {isa = PBXBuildFile; fileRef = FF2E4DBE1FB7C46500D3C35D /* Group.swift */; };
		FF2E4DC11FB7C46500D3C35D /* GroupTableViewCell.swift in Sources */ = {isa = PBXBuildFile; fileRef = FF2E4DBF1FB7C46500D3C35D /* GroupTableViewCell.swift */; };
		FF48C8EC1FB7A79E00812AE7 /* CreateChoreViewController.swift in Sources */ = {isa = PBXBuildFile; fileRef = FF48C8EB1FB7A79E00812AE7 /* CreateChoreViewController.swift */; };
		FF555D011FCFB497002A43A7 /* settings.png in Resources */ = {isa = PBXBuildFile; fileRef = FF555D001FCFB497002A43A7 /* settings.png */; };
		FF555D041FCFB9EC002A43A7 /* CheckBox.png in Resources */ = {isa = PBXBuildFile; fileRef = FF555D021FCFB9EC002A43A7 /* CheckBox.png */; };
		FF555D051FCFB9EC002A43A7 /* UnCheckBox.png in Resources */ = {isa = PBXBuildFile; fileRef = FF555D031FCFB9EC002A43A7 /* UnCheckBox.png */; };
		FF555D071FCFD050002A43A7 /* trash.png in Resources */ = {isa = PBXBuildFile; fileRef = FF555D061FCFD050002A43A7 /* trash.png */; };
		FF555D0A1FCFD3C8002A43A7 /* groups.png in Resources */ = {isa = PBXBuildFile; fileRef = FF555D081FCFD3C8002A43A7 /* groups.png */; };
		FF555D0B1FCFD3C8002A43A7 /* todolist.png in Resources */ = {isa = PBXBuildFile; fileRef = FF555D091FCFD3C8002A43A7 /* todolist.png */; };
/* End PBXBuildFile section */

/* Begin PBXContainerItemProxy section */
		339F546F1FAE8CB100346119 /* PBXContainerItemProxy */ = {
			isa = PBXContainerItemProxy;
			containerPortal = 339F54501FAE8CB000346119 /* Project object */;
			proxyType = 1;
			remoteGlobalIDString = 339F54571FAE8CB000346119;
			remoteInfo = ChOrganizeApp;
		};
		339F547A1FAE8CB100346119 /* PBXContainerItemProxy */ = {
			isa = PBXContainerItemProxy;
			containerPortal = 339F54501FAE8CB000346119 /* Project object */;
			proxyType = 1;
			remoteGlobalIDString = 339F54571FAE8CB000346119;
			remoteInfo = ChOrganizeApp;
		};
/* End PBXContainerItemProxy section */

/* Begin PBXFileReference section */
		336A275E1FB4188700419E0E /* LoginViewController.swift */ = {isa = PBXFileReference; fileEncoding = 4; lastKnownFileType = sourcecode.swift; path = LoginViewController.swift; sourceTree = "<group>"; };
		336A277A1FB65FD900419E0E /* ToDoTableViewCell.swift */ = {isa = PBXFileReference; fileEncoding = 4; lastKnownFileType = sourcecode.swift; path = ToDoTableViewCell.swift; sourceTree = "<group>"; };
		336A277C1FB661EE00419E0E /* ChoreViewController.swift */ = {isa = PBXFileReference; fileEncoding = 4; lastKnownFileType = sourcecode.swift; path = ChoreViewController.swift; sourceTree = "<group>"; };
		336A277E1FB6701B00419E0E /* Chore.swift */ = {isa = PBXFileReference; fileEncoding = 4; lastKnownFileType = sourcecode.swift; path = Chore.swift; sourceTree = "<group>"; };
		339F54581FAE8CB000346119 /* ChOrganizeApp.app */ = {isa = PBXFileReference; explicitFileType = wrapper.application; includeInIndex = 0; path = ChOrganizeApp.app; sourceTree = BUILT_PRODUCTS_DIR; };
		339F545B1FAE8CB000346119 /* AppDelegate.swift */ = {isa = PBXFileReference; lastKnownFileType = sourcecode.swift; path = AppDelegate.swift; sourceTree = "<group>"; };
		339F545D1FAE8CB000346119 /* ToDoViewController.swift */ = {isa = PBXFileReference; lastKnownFileType = sourcecode.swift; path = ToDoViewController.swift; sourceTree = "<group>"; };
		339F545F1FAE8CB000346119 /* GroupViewController.swift */ = {isa = PBXFileReference; lastKnownFileType = sourcecode.swift; path = GroupViewController.swift; sourceTree = "<group>"; };
		339F54621FAE8CB000346119 /* Base */ = {isa = PBXFileReference; lastKnownFileType = file.storyboard; name = Base; path = Base.lproj/Main.storyboard; sourceTree = "<group>"; };
		339F54641FAE8CB000346119 /* Assets.xcassets */ = {isa = PBXFileReference; lastKnownFileType = folder.assetcatalog; path = Assets.xcassets; sourceTree = "<group>"; };
		339F54671FAE8CB000346119 /* Base */ = {isa = PBXFileReference; lastKnownFileType = file.storyboard; name = Base; path = Base.lproj/LaunchScreen.storyboard; sourceTree = "<group>"; };
		339F54691FAE8CB000346119 /* Info.plist */ = {isa = PBXFileReference; lastKnownFileType = text.plist.xml; path = Info.plist; sourceTree = "<group>"; };
		339F546E1FAE8CB100346119 /* ChOrganizeAppTests.xctest */ = {isa = PBXFileReference; explicitFileType = wrapper.cfbundle; includeInIndex = 0; path = ChOrganizeAppTests.xctest; sourceTree = BUILT_PRODUCTS_DIR; };
		339F54721FAE8CB100346119 /* ChOrganizeAppTests.swift */ = {isa = PBXFileReference; lastKnownFileType = sourcecode.swift; path = ChOrganizeAppTests.swift; sourceTree = "<group>"; };
		339F54741FAE8CB100346119 /* Info.plist */ = {isa = PBXFileReference; lastKnownFileType = text.plist.xml; path = Info.plist; sourceTree = "<group>"; };
		339F54791FAE8CB100346119 /* ChOrganizeAppUITests.xctest */ = {isa = PBXFileReference; explicitFileType = wrapper.cfbundle; includeInIndex = 0; path = ChOrganizeAppUITests.xctest; sourceTree = BUILT_PRODUCTS_DIR; };
		339F547D1FAE8CB100346119 /* ChOrganizeAppUITests.swift */ = {isa = PBXFileReference; lastKnownFileType = sourcecode.swift; path = ChOrganizeAppUITests.swift; sourceTree = "<group>"; };
		339F547F1FAE8CB100346119 /* Info.plist */ = {isa = PBXFileReference; lastKnownFileType = text.plist.xml; path = Info.plist; sourceTree = "<group>"; };
		33CB1A511FB78EA3006F941D /* chorgilogo.png */ = {isa = PBXFileReference; lastKnownFileType = image.png; name = chorgilogo.png; path = ImageFiles/chorgilogo.png; sourceTree = SOURCE_ROOT; };
		33CB1A531FB78EDB006F941D /* chorgibroom.png */ = {isa = PBXFileReference; lastKnownFileType = image.png; name = chorgibroom.png; path = ImageFiles/chorgibroom.png; sourceTree = SOURCE_ROOT; };
		FF2E4DBE1FB7C46500D3C35D /* Group.swift */ = {isa = PBXFileReference; fileEncoding = 4; lastKnownFileType = sourcecode.swift; path = Group.swift; sourceTree = "<group>"; };
		FF2E4DBF1FB7C46500D3C35D /* GroupTableViewCell.swift */ = {isa = PBXFileReference; fileEncoding = 4; lastKnownFileType = sourcecode.swift; path = GroupTableViewCell.swift; sourceTree = "<group>"; };
		FF48C8EB1FB7A79E00812AE7 /* CreateChoreViewController.swift */ = {isa = PBXFileReference; fileEncoding = 4; lastKnownFileType = sourcecode.swift; path = CreateChoreViewController.swift; sourceTree = "<group>"; };
		FF555D001FCFB497002A43A7 /* settings.png */ = {isa = PBXFileReference; lastKnownFileType = image.png; name = settings.png; path = ImageFiles/settings.png; sourceTree = SOURCE_ROOT; };
		FF555D021FCFB9EC002A43A7 /* CheckBox.png */ = {isa = PBXFileReference; lastKnownFileType = image.png; name = CheckBox.png; path = ImageFiles/CheckBox.png; sourceTree = SOURCE_ROOT; };
		FF555D031FCFB9EC002A43A7 /* UnCheckBox.png */ = {isa = PBXFileReference; lastKnownFileType = image.png; name = UnCheckBox.png; path = ImageFiles/UnCheckBox.png; sourceTree = SOURCE_ROOT; };
		FF555D061FCFD050002A43A7 /* trash.png */ = {isa = PBXFileReference; lastKnownFileType = image.png; name = trash.png; path = ImageFiles/trash.png; sourceTree = SOURCE_ROOT; };
		FF555D081FCFD3C8002A43A7 /* groups.png */ = {isa = PBXFileReference; lastKnownFileType = image.png; name = groups.png; path = ImageFiles/groups.png; sourceTree = SOURCE_ROOT; };
		FF555D091FCFD3C8002A43A7 /* todolist.png */ = {isa = PBXFileReference; lastKnownFileType = image.png; name = todolist.png; path = ImageFiles/todolist.png; sourceTree = SOURCE_ROOT; };
/* End PBXFileReference section */

/* Begin PBXFrameworksBuildPhase section */
		339F54551FAE8CB000346119 /* Frameworks */ = {
			isa = PBXFrameworksBuildPhase;
			buildActionMask = 2147483647;
			files = (
			);
			runOnlyForDeploymentPostprocessing = 0;
		};
		339F546B1FAE8CB100346119 /* Frameworks */ = {
			isa = PBXFrameworksBuildPhase;
			buildActionMask = 2147483647;
			files = (
			);
			runOnlyForDeploymentPostprocessing = 0;
		};
		339F54761FAE8CB100346119 /* Frameworks */ = {
			isa = PBXFrameworksBuildPhase;
			buildActionMask = 2147483647;
			files = (
			);
			runOnlyForDeploymentPostprocessing = 0;
		};
/* End PBXFrameworksBuildPhase section */

/* Begin PBXGroup section */
		339F544F1FAE8CB000346119 = {
			isa = PBXGroup;
			children = (
				339F545A1FAE8CB000346119 /* ChOrganizeApp */,
				339F54711FAE8CB100346119 /* ChOrganizeAppTests */,
				339F547C1FAE8CB100346119 /* ChOrganizeAppUITests */,
				339F54591FAE8CB000346119 /* Products */,
			);
			sourceTree = "<group>";
		};
		339F54591FAE8CB000346119 /* Products */ = {
			isa = PBXGroup;
			children = (
				339F54581FAE8CB000346119 /* ChOrganizeApp.app */,
				339F546E1FAE8CB100346119 /* ChOrganizeAppTests.xctest */,
				339F54791FAE8CB100346119 /* ChOrganizeAppUITests.xctest */,
			);
			name = Products;
			sourceTree = "<group>";
		};
		339F545A1FAE8CB000346119 /* ChOrganizeApp */ = {
			isa = PBXGroup;
			children = (
				FF555D001FCFB497002A43A7 /* settings.png */,
				FF555D021FCFB9EC002A43A7 /* CheckBox.png */,
				FF555D031FCFB9EC002A43A7 /* UnCheckBox.png */,
				FF555D061FCFD050002A43A7 /* trash.png */,
				FF555D081FCFD3C8002A43A7 /* groups.png */,
				FF555D091FCFD3C8002A43A7 /* todolist.png */,
				339F545B1FAE8CB000346119 /* AppDelegate.swift */,
				336A275E1FB4188700419E0E /* LoginViewController.swift */,
				FF2E4DBE1FB7C46500D3C35D /* Group.swift */,
				FF2E4DBF1FB7C46500D3C35D /* GroupTableViewCell.swift */,
				339F545D1FAE8CB000346119 /* ToDoViewController.swift */,
				336A277A1FB65FD900419E0E /* ToDoTableViewCell.swift */,
				336A277C1FB661EE00419E0E /* ChoreViewController.swift */,
				339F545F1FAE8CB000346119 /* GroupViewController.swift */,
				339F54661FAE8CB000346119 /* LaunchScreen.storyboard */,
				339F54611FAE8CB000346119 /* Main.storyboard */,
				FF48C8EB1FB7A79E00812AE7 /* CreateChoreViewController.swift */,
				336A277E1FB6701B00419E0E /* Chore.swift */,
				339F54641FAE8CB000346119 /* Assets.xcassets */,
				33CB1A511FB78EA3006F941D /* chorgilogo.png */,
				33CB1A531FB78EDB006F941D /* chorgibroom.png */,
				339F54691FAE8CB000346119 /* Info.plist */,
			);
			path = ChOrganizeApp;
			sourceTree = "<group>";
		};
		339F54711FAE8CB100346119 /* ChOrganizeAppTests */ = {
			isa = PBXGroup;
			children = (
				339F54721FAE8CB100346119 /* ChOrganizeAppTests.swift */,
				339F54741FAE8CB100346119 /* Info.plist */,
			);
			path = ChOrganizeAppTests;
			sourceTree = "<group>";
		};
		339F547C1FAE8CB100346119 /* ChOrganizeAppUITests */ = {
			isa = PBXGroup;
			children = (
				339F547D1FAE8CB100346119 /* ChOrganizeAppUITests.swift */,
				339F547F1FAE8CB100346119 /* Info.plist */,
			);
			path = ChOrganizeAppUITests;
			sourceTree = "<group>";
		};
/* End PBXGroup section */

/* Begin PBXNativeTarget section */
		339F54571FAE8CB000346119 /* ChOrganizeApp */ = {
			isa = PBXNativeTarget;
			buildConfigurationList = 339F54821FAE8CB100346119 /* Build configuration list for PBXNativeTarget "ChOrganizeApp" */;
			buildPhases = (
				339F54541FAE8CB000346119 /* Sources */,
				339F54551FAE8CB000346119 /* Frameworks */,
				339F54561FAE8CB000346119 /* Resources */,
			);
			buildRules = (
			);
			dependencies = (
			);
			name = ChOrganizeApp;
			productName = ChOrganizeApp;
			productReference = 339F54581FAE8CB000346119 /* ChOrganizeApp.app */;
			productType = "com.apple.product-type.application";
		};
		339F546D1FAE8CB100346119 /* ChOrganizeAppTests */ = {
			isa = PBXNativeTarget;
			buildConfigurationList = 339F54851FAE8CB100346119 /* Build configuration list for PBXNativeTarget "ChOrganizeAppTests" */;
			buildPhases = (
				339F546A1FAE8CB100346119 /* Sources */,
				339F546B1FAE8CB100346119 /* Frameworks */,
				339F546C1FAE8CB100346119 /* Resources */,
			);
			buildRules = (
			);
			dependencies = (
				339F54701FAE8CB100346119 /* PBXTargetDependency */,
			);
			name = ChOrganizeAppTests;
			productName = ChOrganizeAppTests;
			productReference = 339F546E1FAE8CB100346119 /* ChOrganizeAppTests.xctest */;
			productType = "com.apple.product-type.bundle.unit-test";
		};
		339F54781FAE8CB100346119 /* ChOrganizeAppUITests */ = {
			isa = PBXNativeTarget;
			buildConfigurationList = 339F54881FAE8CB100346119 /* Build configuration list for PBXNativeTarget "ChOrganizeAppUITests" */;
			buildPhases = (
				339F54751FAE8CB100346119 /* Sources */,
				339F54761FAE8CB100346119 /* Frameworks */,
				339F54771FAE8CB100346119 /* Resources */,
			);
			buildRules = (
			);
			dependencies = (
				339F547B1FAE8CB100346119 /* PBXTargetDependency */,
			);
			name = ChOrganizeAppUITests;
			productName = ChOrganizeAppUITests;
			productReference = 339F54791FAE8CB100346119 /* ChOrganizeAppUITests.xctest */;
			productType = "com.apple.product-type.bundle.ui-testing";
		};
/* End PBXNativeTarget section */

/* Begin PBXProject section */
		339F54501FAE8CB000346119 /* Project object */ = {
			isa = PBXProject;
			attributes = {
				LastSwiftUpdateCheck = 0830;
				LastUpgradeCheck = 0830;
				ORGANIZATIONNAME = "Pusheen Code";
				TargetAttributes = {
					339F54571FAE8CB000346119 = {
						CreatedOnToolsVersion = 8.3.3;
						ProvisioningStyle = Automatic;
					};
					339F546D1FAE8CB100346119 = {
						CreatedOnToolsVersion = 8.3.3;
						ProvisioningStyle = Automatic;
						TestTargetID = 339F54571FAE8CB000346119;
					};
					339F54781FAE8CB100346119 = {
						CreatedOnToolsVersion = 8.3.3;
						ProvisioningStyle = Automatic;
						TestTargetID = 339F54571FAE8CB000346119;
					};
				};
			};
			buildConfigurationList = 339F54531FAE8CB000346119 /* Build configuration list for PBXProject "ChOrganizeApp" */;
			compatibilityVersion = "Xcode 3.2";
			developmentRegion = English;
			hasScannedForEncodings = 0;
			knownRegions = (
				en,
				Base,
			);
			mainGroup = 339F544F1FAE8CB000346119;
			productRefGroup = 339F54591FAE8CB000346119 /* Products */;
			projectDirPath = "";
			projectRoot = "";
			targets = (
				339F54571FAE8CB000346119 /* ChOrganizeApp */,
				339F546D1FAE8CB100346119 /* ChOrganizeAppTests */,
				339F54781FAE8CB100346119 /* ChOrganizeAppUITests */,
			);
		};
/* End PBXProject section */

/* Begin PBXResourcesBuildPhase section */
		339F54561FAE8CB000346119 /* Resources */ = {
			isa = PBXResourcesBuildPhase;
			buildActionMask = 2147483647;
			files = (
				FF555D011FCFB497002A43A7 /* settings.png in Resources */,
				339F54681FAE8CB000346119 /* LaunchScreen.storyboard in Resources */,
				FF555D041FCFB9EC002A43A7 /* CheckBox.png in Resources */,
				33CB1A521FB78EA3006F941D /* chorgilogo.png in Resources */,
				FF555D051FCFB9EC002A43A7 /* UnCheckBox.png in Resources */,
				339F54651FAE8CB000346119 /* Assets.xcassets in Resources */,
				339F54631FAE8CB000346119 /* Main.storyboard in Resources */,
				33CB1A541FB78EDB006F941D /* chorgibroom.png in Resources */,
				FF555D0B1FCFD3C8002A43A7 /* todolist.png in Resources */,
				FF555D071FCFD050002A43A7 /* trash.png in Resources */,
				FF555D0A1FCFD3C8002A43A7 /* groups.png in Resources */,
			);
			runOnlyForDeploymentPostprocessing = 0;
		};
		339F546C1FAE8CB100346119 /* Resources */ = {
			isa = PBXResourcesBuildPhase;
			buildActionMask = 2147483647;
			files = (
			);
			runOnlyForDeploymentPostprocessing = 0;
		};
		339F54771FAE8CB100346119 /* Resources */ = {
			isa = PBXResourcesBuildPhase;
			buildActionMask = 2147483647;
			files = (
			);
			runOnlyForDeploymentPostprocessing = 0;
		};
/* End PBXResourcesBuildPhase section */

/* Begin PBXSourcesBuildPhase section */
		339F54541FAE8CB000346119 /* Sources */ = {
			isa = PBXSourcesBuildPhase;
			buildActionMask = 2147483647;
			files = (
				FF2E4DC01FB7C46500D3C35D /* Group.swift in Sources */,
				336A275F1FB4188700419E0E /* LoginViewController.swift in Sources */,
				339F54601FAE8CB000346119 /* GroupViewController.swift in Sources */,
				339F545C1FAE8CB000346119 /* AppDelegate.swift in Sources */,
				336A277B1FB65FD900419E0E /* ToDoTableViewCell.swift in Sources */,
				336A277F1FB6701B00419E0E /* Chore.swift in Sources */,
				339F545E1FAE8CB000346119 /* ToDoViewController.swift in Sources */,
				FF48C8EC1FB7A79E00812AE7 /* CreateChoreViewController.swift in Sources */,
				336A277D1FB661EE00419E0E /* ChoreViewController.swift in Sources */,
				FF2E4DC11FB7C46500D3C35D /* GroupTableViewCell.swift in Sources */,
			);
			runOnlyForDeploymentPostprocessing = 0;
		};
		339F546A1FAE8CB100346119 /* Sources */ = {
			isa = PBXSourcesBuildPhase;
			buildActionMask = 2147483647;
			files = (
				339F54731FAE8CB100346119 /* ChOrganizeAppTests.swift in Sources */,
			);
			runOnlyForDeploymentPostprocessing = 0;
		};
		339F54751FAE8CB100346119 /* Sources */ = {
			isa = PBXSourcesBuildPhase;
			buildActionMask = 2147483647;
			files = (
				339F547E1FAE8CB100346119 /* ChOrganizeAppUITests.swift in Sources */,
			);
			runOnlyForDeploymentPostprocessing = 0;
		};
/* End PBXSourcesBuildPhase section */

/* Begin PBXTargetDependency section */
		339F54701FAE8CB100346119 /* PBXTargetDependency */ = {
			isa = PBXTargetDependency;
			target = 339F54571FAE8CB000346119 /* ChOrganizeApp */;
			targetProxy = 339F546F1FAE8CB100346119 /* PBXContainerItemProxy */;
		};
		339F547B1FAE8CB100346119 /* PBXTargetDependency */ = {
			isa = PBXTargetDependency;
			target = 339F54571FAE8CB000346119 /* ChOrganizeApp */;
			targetProxy = 339F547A1FAE8CB100346119 /* PBXContainerItemProxy */;
		};
/* End PBXTargetDependency section */

/* Begin PBXVariantGroup section */
		339F54611FAE8CB000346119 /* Main.storyboard */ = {
			isa = PBXVariantGroup;
			children = (
				339F54621FAE8CB000346119 /* Base */,
			);
			name = Main.storyboard;
			sourceTree = "<group>";
		};
		339F54661FAE8CB000346119 /* LaunchScreen.storyboard */ = {
			isa = PBXVariantGroup;
			children = (
				339F54671FAE8CB000346119 /* Base */,
			);
			name = LaunchScreen.storyboard;
			sourceTree = "<group>";
		};
/* End PBXVariantGroup section */

/* Begin XCBuildConfiguration section */
		339F54801FAE8CB100346119 /* Debug */ = {
			isa = XCBuildConfiguration;
			buildSettings = {
				ALWAYS_SEARCH_USER_PATHS = NO;
				CLANG_ANALYZER_NONNULL = YES;
				CLANG_ANALYZER_NUMBER_OBJECT_CONVERSION = YES_AGGRESSIVE;
				CLANG_CXX_LANGUAGE_STANDARD = "gnu++0x";
				CLANG_CXX_LIBRARY = "libc++";
				CLANG_ENABLE_MODULES = YES;
				CLANG_ENABLE_OBJC_ARC = YES;
				CLANG_WARN_BOOL_CONVERSION = YES;
				CLANG_WARN_CONSTANT_CONVERSION = YES;
				CLANG_WARN_DIRECT_OBJC_ISA_USAGE = YES_ERROR;
				CLANG_WARN_DOCUMENTATION_COMMENTS = YES;
				CLANG_WARN_EMPTY_BODY = YES;
				CLANG_WARN_ENUM_CONVERSION = YES;
				CLANG_WARN_INFINITE_RECURSION = YES;
				CLANG_WARN_INT_CONVERSION = YES;
				CLANG_WARN_OBJC_ROOT_CLASS = YES_ERROR;
				CLANG_WARN_SUSPICIOUS_MOVE = YES;
				CLANG_WARN_UNREACHABLE_CODE = YES;
				CLANG_WARN__DUPLICATE_METHOD_MATCH = YES;
				"CODE_SIGN_IDENTITY[sdk=iphoneos*]" = "iPhone Developer";
				COPY_PHASE_STRIP = NO;
				DEBUG_INFORMATION_FORMAT = dwarf;
				ENABLE_STRICT_OBJC_MSGSEND = YES;
				ENABLE_TESTABILITY = YES;
				GCC_C_LANGUAGE_STANDARD = gnu99;
				GCC_DYNAMIC_NO_PIC = NO;
				GCC_NO_COMMON_BLOCKS = YES;
				GCC_OPTIMIZATION_LEVEL = 0;
				GCC_PREPROCESSOR_DEFINITIONS = (
					"DEBUG=1",
					"$(inherited)",
				);
				GCC_WARN_64_TO_32_BIT_CONVERSION = YES;
				GCC_WARN_ABOUT_RETURN_TYPE = YES_ERROR;
				GCC_WARN_UNDECLARED_SELECTOR = YES;
				GCC_WARN_UNINITIALIZED_AUTOS = YES_AGGRESSIVE;
				GCC_WARN_UNUSED_FUNCTION = YES;
				GCC_WARN_UNUSED_VARIABLE = YES;
				IPHONEOS_DEPLOYMENT_TARGET = 10.3;
				MTL_ENABLE_DEBUG_INFO = YES;
				ONLY_ACTIVE_ARCH = YES;
				SDKROOT = iphoneos;
				SWIFT_ACTIVE_COMPILATION_CONDITIONS = DEBUG;
				SWIFT_OPTIMIZATION_LEVEL = "-Onone";
				TARGETED_DEVICE_FAMILY = "1,2";
			};
			name = Debug;
		};
		339F54811FAE8CB100346119 /* Release */ = {
			isa = XCBuildConfiguration;
			buildSettings = {
				ALWAYS_SEARCH_USER_PATHS = NO;
				CLANG_ANALYZER_NONNULL = YES;
				CLANG_ANALYZER_NUMBER_OBJECT_CONVERSION = YES_AGGRESSIVE;
				CLANG_CXX_LANGUAGE_STANDARD = "gnu++0x";
				CLANG_CXX_LIBRARY = "libc++";
				CLANG_ENABLE_MODULES = YES;
				CLANG_ENABLE_OBJC_ARC = YES;
				CLANG_WARN_BOOL_CONVERSION = YES;
				CLANG_WARN_CONSTANT_CONVERSION = YES;
				CLANG_WARN_DIRECT_OBJC_ISA_USAGE = YES_ERROR;
				CLANG_WARN_DOCUMENTATION_COMMENTS = YES;
				CLANG_WARN_EMPTY_BODY = YES;
				CLANG_WARN_ENUM_CONVERSION = YES;
				CLANG_WARN_INFINITE_RECURSION = YES;
				CLANG_WARN_INT_CONVERSION = YES;
				CLANG_WARN_OBJC_ROOT_CLASS = YES_ERROR;
				CLANG_WARN_SUSPICIOUS_MOVE = YES;
				CLANG_WARN_UNREACHABLE_CODE = YES;
				CLANG_WARN__DUPLICATE_METHOD_MATCH = YES;
				"CODE_SIGN_IDENTITY[sdk=iphoneos*]" = "iPhone Developer";
				COPY_PHASE_STRIP = NO;
				DEBUG_INFORMATION_FORMAT = "dwarf-with-dsym";
				ENABLE_NS_ASSERTIONS = NO;
				ENABLE_STRICT_OBJC_MSGSEND = YES;
				GCC_C_LANGUAGE_STANDARD = gnu99;
				GCC_NO_COMMON_BLOCKS = YES;
				GCC_WARN_64_TO_32_BIT_CONVERSION = YES;
				GCC_WARN_ABOUT_RETURN_TYPE = YES_ERROR;
				GCC_WARN_UNDECLARED_SELECTOR = YES;
				GCC_WARN_UNINITIALIZED_AUTOS = YES_AGGRESSIVE;
				GCC_WARN_UNUSED_FUNCTION = YES;
				GCC_WARN_UNUSED_VARIABLE = YES;
				IPHONEOS_DEPLOYMENT_TARGET = 10.3;
				MTL_ENABLE_DEBUG_INFO = NO;
				SDKROOT = iphoneos;
				SWIFT_OPTIMIZATION_LEVEL = "-Owholemodule";
				TARGETED_DEVICE_FAMILY = "1,2";
				VALIDATE_PRODUCT = YES;
			};
			name = Release;
		};
		339F54831FAE8CB100346119 /* Debug */ = {
			isa = XCBuildConfiguration;
			buildSettings = {
				ASSETCATALOG_COMPILER_APPICON_NAME = AppIcon;
				INFOPLIST_FILE = ChOrganizeApp/Info.plist;
				LD_RUNPATH_SEARCH_PATHS = "$(inherited) @executable_path/Frameworks";
				PRODUCT_BUNDLE_IDENTIFIER = Pusheen.ChOrganizeApp;
				PRODUCT_NAME = "$(TARGET_NAME)";
				SWIFT_VERSION = 3.0;
			};
			name = Debug;
		};
		339F54841FAE8CB100346119 /* Release */ = {
			isa = XCBuildConfiguration;
			buildSettings = {
				ASSETCATALOG_COMPILER_APPICON_NAME = AppIcon;
				INFOPLIST_FILE = ChOrganizeApp/Info.plist;
				LD_RUNPATH_SEARCH_PATHS = "$(inherited) @executable_path/Frameworks";
				PRODUCT_BUNDLE_IDENTIFIER = Pusheen.ChOrganizeApp;
				PRODUCT_NAME = "$(TARGET_NAME)";
				SWIFT_VERSION = 3.0;
			};
			name = Release;
		};
		339F54861FAE8CB100346119 /* Debug */ = {
			isa = XCBuildConfiguration;
			buildSettings = {
				ALWAYS_EMBED_SWIFT_STANDARD_LIBRARIES = YES;
				BUNDLE_LOADER = "$(TEST_HOST)";
				INFOPLIST_FILE = ChOrganizeAppTests/Info.plist;
				LD_RUNPATH_SEARCH_PATHS = "$(inherited) @executable_path/Frameworks @loader_path/Frameworks";
				PRODUCT_BUNDLE_IDENTIFIER = Pusheen.ChOrganizeAppTests;
				PRODUCT_NAME = "$(TARGET_NAME)";
				SWIFT_VERSION = 3.0;
				TEST_HOST = "$(BUILT_PRODUCTS_DIR)/ChOrganizeApp.app/ChOrganizeApp";
			};
			name = Debug;
		};
		339F54871FAE8CB100346119 /* Release */ = {
			isa = XCBuildConfiguration;
			buildSettings = {
				ALWAYS_EMBED_SWIFT_STANDARD_LIBRARIES = YES;
				BUNDLE_LOADER = "$(TEST_HOST)";
				INFOPLIST_FILE = ChOrganizeAppTests/Info.plist;
				LD_RUNPATH_SEARCH_PATHS = "$(inherited) @executable_path/Frameworks @loader_path/Frameworks";
				PRODUCT_BUNDLE_IDENTIFIER = Pusheen.ChOrganizeAppTests;
				PRODUCT_NAME = "$(TARGET_NAME)";
				SWIFT_VERSION = 3.0;
				TEST_HOST = "$(BUILT_PRODUCTS_DIR)/ChOrganizeApp.app/ChOrganizeApp";
			};
			name = Release;
		};
		339F54891FAE8CB100346119 /* Debug */ = {
			isa = XCBuildConfiguration;
			buildSettings = {
				ALWAYS_EMBED_SWIFT_STANDARD_LIBRARIES = YES;
				INFOPLIST_FILE = ChOrganizeAppUITests/Info.plist;
				LD_RUNPATH_SEARCH_PATHS = "$(inherited) @executable_path/Frameworks @loader_path/Frameworks";
				PRODUCT_BUNDLE_IDENTIFIER = Pusheen.ChOrganizeAppUITests;
				PRODUCT_NAME = "$(TARGET_NAME)";
				SWIFT_VERSION = 3.0;
				TEST_TARGET_NAME = ChOrganizeApp;
			};
			name = Debug;
		};
		339F548A1FAE8CB100346119 /* Release */ = {
			isa = XCBuildConfiguration;
			buildSettings = {
				ALWAYS_EMBED_SWIFT_STANDARD_LIBRARIES = YES;
				INFOPLIST_FILE = ChOrganizeAppUITests/Info.plist;
				LD_RUNPATH_SEARCH_PATHS = "$(inherited) @executable_path/Frameworks @loader_path/Frameworks";
				PRODUCT_BUNDLE_IDENTIFIER = Pusheen.ChOrganizeAppUITests;
				PRODUCT_NAME = "$(TARGET_NAME)";
				SWIFT_VERSION = 3.0;
				TEST_TARGET_NAME = ChOrganizeApp;
			};
			name = Release;
		};
/* End XCBuildConfiguration section */

/* Begin XCConfigurationList section */
		339F54531FAE8CB000346119 /* Build configuration list for PBXProject "ChOrganizeApp" */ = {
			isa = XCConfigurationList;
			buildConfigurations = (
				339F54801FAE8CB100346119 /* Debug */,
				339F54811FAE8CB100346119 /* Release */,
			);
			defaultConfigurationIsVisible = 0;
			defaultConfigurationName = Release;
		};
		339F54821FAE8CB100346119 /* Build configuration list for PBXNativeTarget "ChOrganizeApp" */ = {
			isa = XCConfigurationList;
			buildConfigurations = (
				339F54831FAE8CB100346119 /* Debug */,
				339F54841FAE8CB100346119 /* Release */,
			);
			defaultConfigurationIsVisible = 0;
			defaultConfigurationName = Release;
		};
		339F54851FAE8CB100346119 /* Build configuration list for PBXNativeTarget "ChOrganizeAppTests" */ = {
			isa = XCConfigurationList;
			buildConfigurations = (
				339F54861FAE8CB100346119 /* Debug */,
				339F54871FAE8CB100346119 /* Release */,
			);
			defaultConfigurationIsVisible = 0;
			defaultConfigurationName = Release;
		};
		339F54881FAE8CB100346119 /* Build configuration list for PBXNativeTarget "ChOrganizeAppUITests" */ = {
			isa = XCConfigurationList;
			buildConfigurations = (
				339F54891FAE8CB100346119 /* Debug */,
				339F548A1FAE8CB100346119 /* Release */,
			);
			defaultConfigurationIsVisible = 0;
			defaultConfigurationName = Release;
		};
/* End XCConfigurationList section */
	};
	rootObject = 339F54501FAE8CB000346119 /* Project object */;
}
